
Microsoft Visual Studio Solution File, Format Version 12.00
# Visual Studio Version 17
VisualStudioVersion = 17.13.35913.81
MinimumVisualStudioVersion = 10.0.40219.1
Project("{FAE04EC0-301F-11D3-BF4B-00C04F79EFBC}") = "ObjectTrackerBackend", "ObjectTrackerBackend\ObjectTrackerBackend.csproj", "{4E74D415-6812-4E9B-9E8A-1B14A85FB39C}"
EndProject
Project("{E53339B2-1760-4266-BCC7-CA923CBCF16C}") = "docker-compose", "docker-compose.dcproj", "{81DDED9D-158B-E303-5F62-77A2896D2A5A}"
EndProject
Project("{FAE04EC0-301F-11D3-BF4B-00C04F79EFBC}") = "UserServiceRepository", "UserServiceRepository\UserServiceRepository.csproj", "{8763EE4E-1883-4CCC-8A04-28CD715E8FA1}"
EndProject
Project("{FAE04EC0-301F-11D3-BF4B-00C04F79EFBC}") = "TrackedObjectServiceRepository", "TrackedObjectServiceRepository\TrackedObjectServiceRepository.csproj", "{3A164576-9051-4EA3-A322-FA256DD43160}"
EndProject
Project("{FAE04EC0-301F-11D3-BF4B-00C04F79EFBC}") = "TokenServiceRepository", "..\TokenServiceRepository\TokenServiceRepository.csproj", "{533A1953-B1D6-419D-8759-32F3D2DD1594}"
EndProject
Global
	GlobalSection(SolutionConfigurationPlatforms) = preSolution
		Debug|Any CPU = Debug|Any CPU
		Release|Any CPU = Release|Any CPU
	EndGlobalSection
	GlobalSection(ProjectConfigurationPlatforms) = postSolution
		{4E74D415-6812-4E9B-9E8A-1B14A85FB39C}.Debug|Any CPU.ActiveCfg = Debug|Any CPU
		{4E74D415-6812-4E9B-9E8A-1B14A85FB39C}.Debug|Any CPU.Build.0 = Debug|Any CPU
		{4E74D415-6812-4E9B-9E8A-1B14A85FB39C}.Release|Any CPU.ActiveCfg = Release|Any CPU
		{4E74D415-6812-4E9B-9E8A-1B14A85FB39C}.Release|Any CPU.Build.0 = Release|Any CPU
		{81DDED9D-158B-E303-5F62-77A2896D2A5A}.Debug|Any CPU.ActiveCfg = Debug|Any CPU
		{81DDED9D-158B-E303-5F62-77A2896D2A5A}.Debug|Any CPU.Build.0 = Debug|Any CPU
		{81DDED9D-158B-E303-5F62-77A2896D2A5A}.Release|Any CPU.ActiveCfg = Release|Any CPU
		{81DDED9D-158B-E303-5F62-77A2896D2A5A}.Release|Any CPU.Build.0 = Release|Any CPU
		{8763EE4E-1883-4CCC-8A04-28CD715E8FA1}.Debug|Any CPU.ActiveCfg = Debug|Any CPU
		{8763EE4E-1883-4CCC-8A04-28CD715E8FA1}.Debug|Any CPU.Build.0 = Debug|Any CPU
		{8763EE4E-1883-4CCC-8A04-28CD715E8FA1}.Release|Any CPU.ActiveCfg = Release|Any CPU
		{8763EE4E-1883-4CCC-8A04-28CD715E8FA1}.Release|Any CPU.Build.0 = Release|Any CPU
		{3A164576-9051-4EA3-A322-FA256DD43160}.Debug|Any CPU.ActiveCfg = Debug|Any CPU
		{3A164576-9051-4EA3-A322-FA256DD43160}.Debug|Any CPU.Build.0 = Debug|Any CPU
		{3A164576-9051-4EA3-A322-FA256DD43160}.Release|Any CPU.ActiveCfg = Release|Any CPU
		{3A164576-9051-4EA3-A322-FA256DD43160}.Release|Any CPU.Build.0 = Release|Any CPU
		{533A1953-B1D6-419D-8759-32F3D2DD1594}.Debug|Any CPU.ActiveCfg = Debug|Any CPU
		{533A1953-B1D6-419D-8759-32F3D2DD1594}.Debug|Any CPU.Build.0 = Debug|Any CPU
		{533A1953-B1D6-419D-8759-32F3D2DD1594}.Release|Any CPU.ActiveCfg = Release|Any CPU
		{533A1953-B1D6-419D-8759-32F3D2DD1594}.Release|Any CPU.Build.0 = Release|Any CPU
	EndGlobalSection
	GlobalSection(SolutionProperties) = preSolution
		HideSolutionNode = FALSE
	EndGlobalSection
	GlobalSection(ExtensibilityGlobals) = postSolution
		SolutionGuid = {29D8FA2D-2CB4-436F-9B79-E69611A8E64C}
	EndGlobalSection
EndGlobal
